
Microsoft Visual Studio Solution File, Format Version 12.00
# Visual Studio Version 16
VisualStudioVersion = 16.0.29905.134
MinimumVisualStudioVersion = 10.0.40219.1
Project("{FAE04EC0-301F-11D3-BF4B-00C04F79EFBC}") = "Bacchiocchi_Assignment6", "Bacchiocchi_Assignment6\Bacchiocchi_Assignment6.csproj", "{023172FF-A129-4F58-8801-47C2473F2463}"
EndProject
Global
	GlobalSection(SolutionConfigurationPlatforms) = preSolution
		Debug|Any CPU = Debug|Any CPU
		Release|Any CPU = Release|Any CPU
	EndGlobalSection
	GlobalSection(ProjectConfigurationPlatforms) = postSolution
		{023172FF-A129-4F58-8801-47C2473F2463}.Debug|Any CPU.ActiveCfg = Debug|Any CPU
		{023172FF-A129-4F58-8801-47C2473F2463}.Debug|Any CPU.Build.0 = Debug|Any CPU
		{023172FF-A129-4F58-8801-47C2473F2463}.Release|Any CPU.ActiveCfg = Release|Any CPU
		{023172FF-A129-4F58-8801-47C2473F2463}.Release|Any CPU.Build.0 = Release|Any CPU
	EndGlobalSection
	GlobalSection(SolutionProperties) = preSolution
		HideSolutionNode = FALSE
	EndGlobalSection
	GlobalSection(ExtensibilityGlobals) = postSolution
		SolutionGuid = {252E3818-910F-4975-8D0B-285C8412E95F}
	EndGlobalSection
EndGlobal
